// !$*UTF8*$!
{
	archiveVersion = 1;
	classes = {
	};
	objectVersion = 50;
	objects = {

/* Begin PBXBuildFile section */
		746FF12E25F1233F00D135C9 /* AppDelegate.swift in Sources */ = {isa = PBXBuildFile; fileRef = 746FF12D25F1233F00D135C9 /* AppDelegate.swift */; };
		746FF13025F1233F00D135C9 /* SceneDelegate.swift in Sources */ = {isa = PBXBuildFile; fileRef = 746FF12F25F1233F00D135C9 /* SceneDelegate.swift */; };
		746FF13225F1233F00D135C9 /* ViewController.swift in Sources */ = {isa = PBXBuildFile; fileRef = 746FF13125F1233F00D135C9 /* ViewController.swift */; };
		746FF13525F1233F00D135C9 /* Main.storyboard in Resources */ = {isa = PBXBuildFile; fileRef = 746FF13325F1233F00D135C9 /* Main.storyboard */; };
		746FF13725F1234100D135C9 /* Assets.xcassets in Resources */ = {isa = PBXBuildFile; fileRef = 746FF13625F1234100D135C9 /* Assets.xcassets */; };
		746FF13A25F1234100D135C9 /* LaunchScreen.storyboard in Resources */ = {isa = PBXBuildFile; fileRef = 746FF13825F1234100D135C9 /* LaunchScreen.storyboard */; };
		746FF14325F123C700D135C9 /* start.txt in Resources */ = {isa = PBXBuildFile; fileRef = 746FF14225F123C700D135C9 /* start.txt */; };
/* End PBXBuildFile section */

/* Begin PBXFileReference section */
		746FF12A25F1233F00D135C9 /* WordScramble(UIKit).app */ = {isa = PBXFileReference; explicitFileType = wrapper.application; includeInIndex = 0; path = "WordScramble(UIKit).app"; sourceTree = BUILT_PRODUCTS_DIR; };
		746FF12D25F1233F00D135C9 /* AppDelegate.swift */ = {isa = PBXFileReference; lastKnownFileType = sourcecode.swift; path = AppDelegate.swift; sourceTree = "<group>"; };
		746FF12F25F1233F00D135C9 /* SceneDelegate.swift */ = {isa = PBXFileReference; lastKnownFileType = sourcecode.swift; path = SceneDelegate.swift; sourceTree = "<group>"; };
		746FF13125F1233F00D135C9 /* ViewController.swift */ = {isa = PBXFileReference; lastKnownFileType = sourcecode.swift; path = ViewController.swift; sourceTree = "<group>"; };
		746FF13425F1233F00D135C9 /* Base */ = {isa = PBXFileReference; lastKnownFileType = file.storyboard; name = Base; path = Base.lproj/Main.storyboard; sourceTree = "<group>"; };
		746FF13625F1234100D135C9 /* Assets.xcassets */ = {isa = PBXFileReference; lastKnownFileType = folder.assetcatalog; path = Assets.xcassets; sourceTree = "<group>"; };
		746FF13925F1234100D135C9 /* Base */ = {isa = PBXFileReference; lastKnownFileType = file.storyboard; name = Base; path = Base.lproj/LaunchScreen.storyboard; sourceTree = "<group>"; };
		746FF13B25F1234100D135C9 /* Info.plist */ = {isa = PBXFileReference; lastKnownFileType = text.plist.xml; path = Info.plist; sourceTree = "<group>"; };
		746FF14225F123C700D135C9 /* start.txt */ = {isa = PBXFileReference; fileEncoding = 4; lastKnownFileType = text; path = start.txt; sourceTree = "<group>"; };
/* End PBXFileReference section */

/* Begin PBXFrameworksBuildPhase section */
		746FF12725F1233F00D135C9 /* Frameworks */ = {
			isa = PBXFrameworksBuildPhase;
			buildActionMask = 2147483647;
			files = (
			);
			runOnlyForDeploymentPostprocessing = 0;
		};
/* End PBXFrameworksBuildPhase section */

/* Begin PBXGroup section */
		746FF12125F1233F00D135C9 = {
			isa = PBXGroup;
			children = (
				746FF12C25F1233F00D135C9 /* WordScramble(UIKit) */,
				746FF12B25F1233F00D135C9 /* Products */,
			);
			sourceTree = "<group>";
		};
		746FF12B25F1233F00D135C9 /* Products */ = {
			isa = PBXGroup;
			children = (
				746FF12A25F1233F00D135C9 /* WordScramble(UIKit).app */,
			);
			name = Products;
			sourceTree = "<group>";
		};
		746FF12C25F1233F00D135C9 /* WordScramble(UIKit) */ = {
			isa = PBXGroup;
			children = (
				746FF12D25F1233F00D135C9 /* AppDelegate.swift */,
				746FF12F25F1233F00D135C9 /* SceneDelegate.swift */,
				746FF13125F1233F00D135C9 /* ViewController.swift */,
				746FF13325F1233F00D135C9 /* Main.storyboard */,
				746FF14225F123C700D135C9 /* start.txt */,
				746FF13625F1234100D135C9 /* Assets.xcassets */,
				746FF13825F1234100D135C9 /* LaunchScreen.storyboard */,
				746FF13B25F1234100D135C9 /* Info.plist */,
			);
			path = "WordScramble(UIKit)";
			sourceTree = "<group>";
		};
/* End PBXGroup section */

/* Begin PBXNativeTarget section */
		746FF12925F1233F00D135C9 /* WordScramble(UIKit) */ = {
			isa = PBXNativeTarget;
			buildConfigurationList = 746FF13E25F1234100D135C9 /* Build configuration list for PBXNativeTarget "WordScramble(UIKit)" */;
			buildPhases = (
				746FF12625F1233F00D135C9 /* Sources */,
				746FF12725F1233F00D135C9 /* Frameworks */,
				746FF12825F1233F00D135C9 /* Resources */,
			);
			buildRules = (
			);
			dependencies = (
			);
			name = "WordScramble(UIKit)";
			productName = "WordScramble(UIKit)";
			productReference = 746FF12A25F1233F00D135C9 /* WordScramble(UIKit).app */;
			productType = "com.apple.product-type.application";
		};
/* End PBXNativeTarget section */

/* Begin PBXProject section */
		746FF12225F1233F00D135C9 /* Project object */ = {
			isa = PBXProject;
			attributes = {
				LastSwiftUpdateCheck = 1230;
				LastUpgradeCheck = 1230;
				TargetAttributes = {
					746FF12925F1233F00D135C9 = {
						CreatedOnToolsVersion = 12.3;
					};
				};
			};
			buildConfigurationList = 746FF12525F1233F00D135C9 /* Build configuration list for PBXProject "WordScramble(UIKit)" */;
			compatibilityVersion = "Xcode 9.3";
			developmentRegion = en;
			hasScannedForEncodings = 0;
			knownRegions = (
				en,
				Base,
			);
			mainGroup = 746FF12125F1233F00D135C9;
			productRefGroup = 746FF12B25F1233F00D135C9 /* Products */;
			projectDirPath = "";
			projectRoot = "";
			targets = (
				746FF12925F1233F00D135C9 /* WordScramble(UIKit) */,
			);
		};
/* End PBXProject section */

/* Begin PBXResourcesBuildPhase section */
		746FF12825F1233F00D135C9 /* Resources */ = {
			isa = PBXResourcesBuildPhase;
			buildActionMask = 2147483647;
			files = (
				746FF13A25F1234100D135C9 /* LaunchScreen.storyboard in Resources */,
				746FF14325F123C700D135C9 /* start.txt in Resources */,
				746FF13725F1234100D135C9 /* Assets.xcassets in Resources */,
				746FF13525F1233F00D135C9 /* Main.storyboard in Resources */,
			);
			runOnlyForDeploymentPostprocessing = 0;
		};
/* End PBXResourcesBuildPhase section */

/* Begin PBXSourcesBuildPhase section */
		746FF12625F1233F00D135C9 /* Sources */ = {
			isa = PBXSourcesBuildPhase;
			buildActionMask = 2147483647;
			files = (
				746FF13225F1233F00D135C9 /* ViewController.swift in Sources */,
				746FF12E25F1233F00D135C9 /* AppDelegate.swift in Sources */,
				746FF13025F1233F00D135C9 /* SceneDelegate.swift in Sources */,
			);
			runOnlyForDeploymentPostprocessing = 0;
		};
/* End PBXSourcesBuildPhase section */

/* Begin PBXVariantGroup section */
		746FF13325F1233F00D135C9 /* Main.storyboard */ = {
			isa = PBXVariantGroup;
			children = (
				746FF13425F1233F00D135C9 /* Base */,
			);
			name = Main.storyboard;
			sourceTree = "<group>";
		};
		746FF13825F1234100D135C9 /* LaunchScreen.storyboard */ = {
			isa = PBXVariantGroup;
			children = (
				746FF13925F1234100D135C9 /* Base */,
			);
			name = LaunchScreen.storyboard;
			sourceTree = "<group>";
		};
/* End PBXVariantGroup section */

/* Begin XCBuildConfiguration section */
		746FF13C25F1234100D135C9 /* Debug */ = {
			isa = XCBuildConfiguration;
			buildSettings = {
				ALWAYS_SEARCH_USER_PATHS = NO;
				CLANG_ANALYZER_NONNULL = YES;
				CLANG_ANALYZER_NUMBER_OBJECT_CONVERSION = YES_AGGRESSIVE;
				CLANG_CXX_LANGUAGE_STANDARD = "gnu++14";
				CLANG_CXX_LIBRARY = "libc++";
				CLANG_ENABLE_MODULES = YES;
				CLANG_ENABLE_OBJC_ARC = YES;
				CLANG_ENABLE_OBJC_WEAK = YES;
				CLANG_WARN_BLOCK_CAPTURE_AUTORELEASING = YES;
				CLANG_WARN_BOOL_CONVERSION = YES;
				CLANG_WARN_COMMA = YES;
				CLANG_WARN_CONSTANT_CONVERSION = YES;
				CLANG_WARN_DEPRECATED_OBJC_IMPLEMENTATIONS = YES;
				CLANG_WARN_DIRECT_OBJC_ISA_USAGE = YES_ERROR;
				CLANG_WARN_DOCUMENTATION_COMMENTS = YES;
				CLANG_WARN_EMPTY_BODY = YES;
				CLANG_WARN_ENUM_CONVERSION = YES;
				CLANG_WARN_INFINITE_RECURSION = YES;
				CLANG_WARN_INT_CONVERSION = YES;
				CLANG_WARN_NON_LITERAL_NULL_CONVERSION = YES;
				CLANG_WARN_OBJC_IMPLICIT_RETAIN_SELF = YES;
				CLANG_WARN_OBJC_LITERAL_CONVERSION = YES;
				CLANG_WARN_OBJC_ROOT_CLASS = YES_ERROR;
				CLANG_WARN_QUOTED_INCLUDE_IN_FRAMEWORK_HEADER = YES;
				CLANG_WARN_RANGE_LOOP_ANALYSIS = YES;
				CLANG_WARN_STRICT_PROTOTYPES = YES;
				CLANG_WARN_SUSPICIOUS_MOVE = YES;
				CLANG_WARN_UNGUARDED_AVAILABILITY = YES_AGGRESSIVE;
				CLANG_WARN_UNREACHABLE_CODE = YES;
				CLANG_WARN__DUPLICATE_METHOD_MATCH = YES;
				COPY_PHASE_STRIP = NO;
				DEBUG_INFORMATION_FORMAT = dwarf;
				ENABLE_STRICT_OBJC_MSGSEND = YES;
				ENABLE_TESTABILITY = YES;
				GCC_C_LANGUAGE_STANDARD = gnu11;
				GCC_DYNAMIC_NO_PIC = NO;
				GCC_NO_COMMON_BLOCKS = YES;
				GCC_OPTIMIZATION_LEVEL = 0;
				GCC_PREPROCESSOR_DEFINITIONS = (
					"DEBUG=1",
					"$(inherited)",
				);
				GCC_WARN_64_TO_32_BIT_CONVERSION = YES;
				GCC_WARN_ABOUT_RETURN_TYPE = YES_ERROR;
				GCC_WARN_UNDECLARED_SELECTOR = YES;
				GCC_WARN_UNINITIALIZED_AUTOS = YES_AGGRESSIVE;
				GCC_WARN_UNUSED_FUNCTION = YES;
				GCC_WARN_UNUSED_VARIABLE = YES;
				IPHONEOS_DEPLOYMENT_TARGET = 14.3;
				MTL_ENABLE_DEBUG_INFO = INCLUDE_SOURCE;
				MTL_FAST_MATH = YES;
				ONLY_ACTIVE_ARCH = YES;
				SDKROOT = iphoneos;
				SWIFT_ACTIVE_COMPILATION_CONDITIONS = DEBUG;
				SWIFT_OPTIMIZATION_LEVEL = "-Onone";
			};
			name = Debug;
		};
		746FF13D25F1234100D135C9 /* Release */ = {
			isa = XCBuildConfiguration;
			buildSettings = {
				ALWAYS_SEARCH_USER_PATHS = NO;
				CLANG_ANALYZER_NONNULL = YES;
				CLANG_ANALYZER_NUMBER_OBJECT_CONVERSION = YES_AGGRESSIVE;
				CLANG_CXX_LANGUAGE_STANDARD = "gnu++14";
				CLANG_CXX_LIBRARY = "libc++";
				CLANG_ENABLE_MODULES = YES;
				CLANG_ENABLE_OBJC_ARC = YES;
				CLANG_ENABLE_OBJC_WEAK = YES;
				CLANG_WARN_BLOCK_CAPTURE_AUTORELEASING = YES;
				CLANG_WARN_BOOL_CONVERSION = YES;
				CLANG_WARN_COMMA = YES;
				CLANG_WARN_CONSTANT_CONVERSION = YES;
				CLANG_WARN_DEPRECATED_OBJC_IMPLEMENTATIONS = YES;
				CLANG_WARN_DIRECT_OBJC_ISA_USAGE = YES_ERROR;
				CLANG_WARN_DOCUMENTATION_COMMENTS = YES;
				CLANG_WARN_EMPTY_BODY = YES;
				CLANG_WARN_ENUM_CONVERSION = YES;
				CLANG_WARN_INFINITE_RECURSION = YES;
				CLANG_WARN_INT_CONVERSION = YES;
				CLANG_WARN_NON_LITERAL_NULL_CONVERSION = YES;
				CLANG_WARN_OBJC_IMPLICIT_RETAIN_SELF = YES;
				CLANG_WARN_OBJC_LITERAL_CONVERSION = YES;
				CLANG_WARN_OBJC_ROOT_CLASS = YES_ERROR;
				CLANG_WARN_QUOTED_INCLUDE_IN_FRAMEWORK_HEADER = YES;
				CLANG_WARN_RANGE_LOOP_ANALYSIS = YES;
				CLANG_WARN_STRICT_PROTOTYPES = YES;
				CLANG_WARN_SUSPICIOUS_MOVE = YES;
				CLANG_WARN_UNGUARDED_AVAILABILITY = YES_AGGRESSIVE;
				CLANG_WARN_UNREACHABLE_CODE = YES;
				CLANG_WARN__DUPLICATE_METHOD_MATCH = YES;
				COPY_PHASE_STRIP = NO;
				DEBUG_INFORMATION_FORMAT = "dwarf-with-dsym";
				ENABLE_NS_ASSERTIONS = NO;
				ENABLE_STRICT_OBJC_MSGSEND = YES;
				GCC_C_LANGUAGE_STANDARD = gnu11;
				GCC_NO_COMMON_BLOCKS = YES;
				GCC_WARN_64_TO_32_BIT_CONVERSION = YES;
				GCC_WARN_ABOUT_RETURN_TYPE = YES_ERROR;
				GCC_WARN_UNDECLARED_SELECTOR = YES;
				GCC_WARN_UNINITIALIZED_AUTOS = YES_AGGRESSIVE;
				GCC_WARN_UNUSED_FUNCTION = YES;
				GCC_WARN_UNUSED_VARIABLE = YES;
				IPHONEOS_DEPLOYMENT_TARGET = 14.3;
				MTL_ENABLE_DEBUG_INFO = NO;
				MTL_FAST_MATH = YES;
				SDKROOT = iphoneos;
				SWIFT_COMPILATION_MODE = wholemodule;
				SWIFT_OPTIMIZATION_LEVEL = "-O";
				VALIDATE_PRODUCT = YES;
			};
			name = Release;
		};
		746FF13F25F1234100D135C9 /* Debug */ = {
			isa = XCBuildConfiguration;
			buildSettings = {
				ASSETCATALOG_COMPILER_APPICON_NAME = AppIcon;
				ASSETCATALOG_COMPILER_GLOBAL_ACCENT_COLOR_NAME = AccentColor;
				CODE_SIGN_STYLE = Automatic;
				DEVELOPMENT_TEAM = 6VBQVLD6LF;
				INFOPLIST_FILE = "WordScramble(UIKit)/Info.plist";
				LD_RUNPATH_SEARCH_PATHS = (
					"$(inherited)",
					"@executable_path/Frameworks",
				);
				PRODUCT_BUNDLE_IDENTIFIER = "egor.chernakov.WordScramble-UIKit-";
				PRODUCT_NAME = "$(TARGET_NAME)";
				SWIFT_VERSION = 5.0;
				TARGETED_DEVICE_FAMILY = "1,2";
			};
			name = Debug;
		};
		746FF14025F1234100D135C9 /* Release */ = {
			isa = XCBuildConfiguration;
			buildSettings = {
				ASSETCATALOG_COMPILER_APPICON_NAME = AppIcon;
				ASSETCATALOG_COMPILER_GLOBAL_ACCENT_COLOR_NAME = AccentColor;
				CODE_SIGN_STYLE = Automatic;
				DEVELOPMENT_TEAM = 6VBQVLD6LF;
				INFOPLIST_FILE = "WordScramble(UIKit)/Info.plist";
				LD_RUNPATH_SEARCH_PATHS = (
					"$(inherited)",
					"@executable_path/Frameworks",
				);
				PRODUCT_BUNDLE_IDENTIFIER = "egor.chernakov.WordScramble-UIKit-";
				PRODUCT_NAME = "$(TARGET_NAME)";
				SWIFT_VERSION = 5.0;
				TARGETED_DEVICE_FAMILY = "1,2";
			};
			name = Release;
		};
/* End XCBuildConfiguration section */

/* Begin XCConfigurationList section */
		746FF12525F1233F00D135C9 /* Build configuration list for PBXProject "WordScramble(UIKit)" */ = {
			isa = XCConfigurationList;
			buildConfigurations = (
				746FF13C25F1234100D135C9 /* Debug */,
				746FF13D25F1234100D135C9 /* Release */,
			);
			defaultConfigurationIsVisible = 0;
			defaultConfigurationName = Release;
		};
		746FF13E25F1234100D135C9 /* Build configuration list for PBXNativeTarget "WordScramble(UIKit)" */ = {
			isa = XCConfigurationList;
			buildConfigurations = (
				746FF13F25F1234100D135C9 /* Debug */,
				746FF14025F1234100D135C9 /* Release */,
			);
			defaultConfigurationIsVisible = 0;
			defaultConfigurationName = Release;
		};
/* End XCConfigurationList section */
	};
	rootObject = 746FF12225F1233F00D135C9 /* Project object */;
}
